
Microsoft Visual Studio Solution File, Format Version 12.00
# Visual Studio 15
VisualStudioVersion = 15.0.26430.16
MinimumVisualStudioVersion = 10.0.40219.1
Project("{FAE04EC0-301F-11D3-BF4B-00C04F79EFBC}") = "BelzonaMobile", "BelzonaMobile\BelzonaMobile\BelzonaMobile.csproj", "{BE199393-AC44-4A53-A29C-AE3E7E51B9FD}"
EndProject
Project("{FAE04EC0-301F-11D3-BF4B-00C04F79EFBC}") = "BelzonaMobile.Droid", "BelzonaMobile\BelzonaMobile.Droid\BelzonaMobile.Droid.csproj", "{1C070D93-FFF3-46A2-96CB-01CECD21055D}"
EndProject
Project("{FAE04EC0-301F-11D3-BF4B-00C04F79EFBC}") = "BelzonaMobile.iOS", "BelzonaMobile\BelzonaMobile.iOS\BelzonaMobile.iOS.csproj", "{E2F510AF-D248-4C6B-88DC-6BB2DCF99097}"
EndProject
Project("{FAE04EC0-301F-11D3-BF4B-00C04F79EFBC}") = "BelzonaMobile.UWP", "BelzonaMobile\BelzonaMobile.UWP\BelzonaMobile.UWP.csproj", "{182B1301-50BF-4307-89DD-EF8C8B561087}"
EndProject
Project("{FAE04EC0-301F-11D3-BF4B-00C04F79EFBC}") = "BelzonaMobile.Core", "BelzonaMobile.Core\BelzonaMobile.Core.csproj", "{EA7D1A62-3D94-4755-A4B6-12764A77968F}"
EndProject
Global
	GlobalSection(SolutionConfigurationPlatforms) = preSolution
		Ad-Hoc|Any CPU = Ad-Hoc|Any CPU
		Ad-Hoc|ARM = Ad-Hoc|ARM
		Ad-Hoc|iPhone = Ad-Hoc|iPhone
		Ad-Hoc|iPhoneSimulator = Ad-Hoc|iPhoneSimulator
		Ad-Hoc|x64 = Ad-Hoc|x64
		Ad-Hoc|x86 = Ad-Hoc|x86
		AppStore|Any CPU = AppStore|Any CPU
		AppStore|ARM = AppStore|ARM
		AppStore|iPhone = AppStore|iPhone
		AppStore|iPhoneSimulator = AppStore|iPhoneSimulator
		AppStore|x64 = AppStore|x64
		AppStore|x86 = AppStore|x86
		Debug|Any CPU = Debug|Any CPU
		Debug|ARM = Debug|ARM
		Debug|iPhone = Debug|iPhone
		Debug|iPhoneSimulator = Debug|iPhoneSimulator
		Debug|x64 = Debug|x64
		Debug|x86 = Debug|x86
		Release|Any CPU = Release|Any CPU
		Release|ARM = Release|ARM
		Release|iPhone = Release|iPhone
		Release|iPhoneSimulator = Release|iPhoneSimulator
		Release|x64 = Release|x64
		Release|x86 = Release|x86
	EndGlobalSection
	GlobalSection(ProjectConfigurationPlatforms) = postSolution
		{BE199393-AC44-4A53-A29C-AE3E7E51B9FD}.Ad-Hoc|Any CPU.ActiveCfg = Release|Any CPU
		{BE199393-AC44-4A53-A29C-AE3E7E51B9FD}.Ad-Hoc|Any CPU.Build.0 = Release|Any CPU
		{BE199393-AC44-4A53-A29C-AE3E7E51B9FD}.Ad-Hoc|ARM.ActiveCfg = Release|Any CPU
		{BE199393-AC44-4A53-A29C-AE3E7E51B9FD}.Ad-Hoc|ARM.Build.0 = Release|Any CPU
		{BE199393-AC44-4A53-A29C-AE3E7E51B9FD}.Ad-Hoc|iPhone.ActiveCfg = Release|Any CPU
		{BE199393-AC44-4A53-A29C-AE3E7E51B9FD}.Ad-Hoc|iPhone.Build.0 = Release|Any CPU
		{BE199393-AC44-4A53-A29C-AE3E7E51B9FD}.Ad-Hoc|iPhoneSimulator.ActiveCfg = Release|Any CPU
		{BE199393-AC44-4A53-A29C-AE3E7E51B9FD}.Ad-Hoc|iPhoneSimulator.Build.0 = Release|Any CPU
		{BE199393-AC44-4A53-A29C-AE3E7E51B9FD}.Ad-Hoc|x64.ActiveCfg = Release|Any CPU
		{BE199393-AC44-4A53-A29C-AE3E7E51B9FD}.Ad-Hoc|x64.Build.0 = Release|Any CPU
		{BE199393-AC44-4A53-A29C-AE3E7E51B9FD}.Ad-Hoc|x86.ActiveCfg = Release|Any CPU
		{BE199393-AC44-4A53-A29C-AE3E7E51B9FD}.Ad-Hoc|x86.Build.0 = Release|Any CPU
		{BE199393-AC44-4A53-A29C-AE3E7E51B9FD}.AppStore|Any CPU.ActiveCfg = Release|Any CPU
		{BE199393-AC44-4A53-A29C-AE3E7E51B9FD}.AppStore|Any CPU.Build.0 = Release|Any CPU
		{BE199393-AC44-4A53-A29C-AE3E7E51B9FD}.AppStore|ARM.ActiveCfg = Release|Any CPU
		{BE199393-AC44-4A53-A29C-AE3E7E51B9FD}.AppStore|ARM.Build.0 = Release|Any CPU
		{BE199393-AC44-4A53-A29C-AE3E7E51B9FD}.AppStore|iPhone.ActiveCfg = Release|Any CPU
		{BE199393-AC44-4A53-A29C-AE3E7E51B9FD}.AppStore|iPhone.Build.0 = Release|Any CPU
		{BE199393-AC44-4A53-A29C-AE3E7E51B9FD}.AppStore|iPhoneSimulator.ActiveCfg = Release|Any CPU
		{BE199393-AC44-4A53-A29C-AE3E7E51B9FD}.AppStore|iPhoneSimulator.Build.0 = Release|Any CPU
		{BE199393-AC44-4A53-A29C-AE3E7E51B9FD}.AppStore|x64.ActiveCfg = Release|Any CPU
		{BE199393-AC44-4A53-A29C-AE3E7E51B9FD}.AppStore|x64.Build.0 = Release|Any CPU
		{BE199393-AC44-4A53-A29C-AE3E7E51B9FD}.AppStore|x86.ActiveCfg = Release|Any CPU
		{BE199393-AC44-4A53-A29C-AE3E7E51B9FD}.AppStore|x86.Build.0 = Release|Any CPU
		{BE199393-AC44-4A53-A29C-AE3E7E51B9FD}.Debug|Any CPU.ActiveCfg = Debug|Any CPU
		{BE199393-AC44-4A53-A29C-AE3E7E51B9FD}.Debug|Any CPU.Build.0 = Debug|Any CPU
		{BE199393-AC44-4A53-A29C-AE3E7E51B9FD}.Debug|ARM.ActiveCfg = Debug|Any CPU
		{BE199393-AC44-4A53-A29C-AE3E7E51B9FD}.Debug|ARM.Build.0 = Debug|Any CPU
		{BE199393-AC44-4A53-A29C-AE3E7E51B9FD}.Debug|iPhone.ActiveCfg = Debug|Any CPU
		{BE199393-AC44-4A53-A29C-AE3E7E51B9FD}.Debug|iPhone.Build.0 = Debug|Any CPU
		{BE199393-AC44-4A53-A29C-AE3E7E51B9FD}.Debug|iPhoneSimulator.ActiveCfg = Debug|Any CPU
		{BE199393-AC44-4A53-A29C-AE3E7E51B9FD}.Debug|iPhoneSimulator.Build.0 = Debug|Any CPU
		{BE199393-AC44-4A53-A29C-AE3E7E51B9FD}.Debug|x64.ActiveCfg = Debug|Any CPU
		{BE199393-AC44-4A53-A29C-AE3E7E51B9FD}.Debug|x64.Build.0 = Debug|Any CPU
		{BE199393-AC44-4A53-A29C-AE3E7E51B9FD}.Debug|x86.ActiveCfg = Debug|Any CPU
		{BE199393-AC44-4A53-A29C-AE3E7E51B9FD}.Debug|x86.Build.0 = Debug|Any CPU
		{BE199393-AC44-4A53-A29C-AE3E7E51B9FD}.Release|Any CPU.ActiveCfg = Release|Any CPU
		{BE199393-AC44-4A53-A29C-AE3E7E51B9FD}.Release|Any CPU.Build.0 = Release|Any CPU
		{BE199393-AC44-4A53-A29C-AE3E7E51B9FD}.Release|ARM.ActiveCfg = Release|Any CPU
		{BE199393-AC44-4A53-A29C-AE3E7E51B9FD}.Release|ARM.Build.0 = Release|Any CPU
		{BE199393-AC44-4A53-A29C-AE3E7E51B9FD}.Release|iPhone.ActiveCfg = Release|Any CPU
		{BE199393-AC44-4A53-A29C-AE3E7E51B9FD}.Release|iPhone.Build.0 = Release|Any CPU
		{BE199393-AC44-4A53-A29C-AE3E7E51B9FD}.Release|iPhoneSimulator.ActiveCfg = Release|Any CPU
		{BE199393-AC44-4A53-A29C-AE3E7E51B9FD}.Release|iPhoneSimulator.Build.0 = Release|Any CPU
		{BE199393-AC44-4A53-A29C-AE3E7E51B9FD}.Release|x64.ActiveCfg = Release|Any CPU
		{BE199393-AC44-4A53-A29C-AE3E7E51B9FD}.Release|x64.Build.0 = Release|Any CPU
		{BE199393-AC44-4A53-A29C-AE3E7E51B9FD}.Release|x86.ActiveCfg = Release|Any CPU
		{BE199393-AC44-4A53-A29C-AE3E7E51B9FD}.Release|x86.Build.0 = Release|Any CPU
		{1C070D93-FFF3-46A2-96CB-01CECD21055D}.Ad-Hoc|Any CPU.ActiveCfg = Release|Any CPU
		{1C070D93-FFF3-46A2-96CB-01CECD21055D}.Ad-Hoc|Any CPU.Build.0 = Release|Any CPU
		{1C070D93-FFF3-46A2-96CB-01CECD21055D}.Ad-Hoc|Any CPU.Deploy.0 = Release|Any CPU
		{1C070D93-FFF3-46A2-96CB-01CECD21055D}.Ad-Hoc|ARM.ActiveCfg = Release|Any CPU
		{1C070D93-FFF3-46A2-96CB-01CECD21055D}.Ad-Hoc|ARM.Build.0 = Release|Any CPU
		{1C070D93-FFF3-46A2-96CB-01CECD21055D}.Ad-Hoc|ARM.Deploy.0 = Release|Any CPU
		{1C070D93-FFF3-46A2-96CB-01CECD21055D}.Ad-Hoc|iPhone.ActiveCfg = Release|Any CPU
		{1C070D93-FFF3-46A2-96CB-01CECD21055D}.Ad-Hoc|iPhone.Build.0 = Release|Any CPU
		{1C070D93-FFF3-46A2-96CB-01CECD21055D}.Ad-Hoc|iPhone.Deploy.0 = Release|Any CPU
		{1C070D93-FFF3-46A2-96CB-01CECD21055D}.Ad-Hoc|iPhoneSimulator.ActiveCfg = Release|Any CPU
		{1C070D93-FFF3-46A2-96CB-01CECD21055D}.Ad-Hoc|iPhoneSimulator.Build.0 = Release|Any CPU
		{1C070D93-FFF3-46A2-96CB-01CECD21055D}.Ad-Hoc|iPhoneSimulator.Deploy.0 = Release|Any CPU
		{1C070D93-FFF3-46A2-96CB-01CECD21055D}.Ad-Hoc|x64.ActiveCfg = Release|Any CPU
		{1C070D93-FFF3-46A2-96CB-01CECD21055D}.Ad-Hoc|x64.Build.0 = Release|Any CPU
		{1C070D93-FFF3-46A2-96CB-01CECD21055D}.Ad-Hoc|x64.Deploy.0 = Release|Any CPU
		{1C070D93-FFF3-46A2-96CB-01CECD21055D}.Ad-Hoc|x86.ActiveCfg = Release|Any CPU
		{1C070D93-FFF3-46A2-96CB-01CECD21055D}.Ad-Hoc|x86.Build.0 = Release|Any CPU
		{1C070D93-FFF3-46A2-96CB-01CECD21055D}.Ad-Hoc|x86.Deploy.0 = Release|Any CPU
		{1C070D93-FFF3-46A2-96CB-01CECD21055D}.AppStore|Any CPU.ActiveCfg = Release|Any CPU
		{1C070D93-FFF3-46A2-96CB-01CECD21055D}.AppStore|Any CPU.Build.0 = Release|Any CPU
		{1C070D93-FFF3-46A2-96CB-01CECD21055D}.AppStore|Any CPU.Deploy.0 = Release|Any CPU
		{1C070D93-FFF3-46A2-96CB-01CECD21055D}.AppStore|ARM.ActiveCfg = Release|Any CPU
		{1C070D93-FFF3-46A2-96CB-01CECD21055D}.AppStore|ARM.Build.0 = Release|Any CPU
		{1C070D93-FFF3-46A2-96CB-01CECD21055D}.AppStore|ARM.Deploy.0 = Release|Any CPU
		{1C070D93-FFF3-46A2-96CB-01CECD21055D}.AppStore|iPhone.ActiveCfg = Release|Any CPU
		{1C070D93-FFF3-46A2-96CB-01CECD21055D}.AppStore|iPhone.Build.0 = Release|Any CPU
		{1C070D93-FFF3-46A2-96CB-01CECD21055D}.AppStore|iPhone.Deploy.0 = Release|Any CPU
		{1C070D93-FFF3-46A2-96CB-01CECD21055D}.AppStore|iPhoneSimulator.ActiveCfg = Release|Any CPU
		{1C070D93-FFF3-46A2-96CB-01CECD21055D}.AppStore|iPhoneSimulator.Build.0 = Release|Any CPU
		{1C070D93-FFF3-46A2-96CB-01CECD21055D}.AppStore|iPhoneSimulator.Deploy.0 = Release|Any CPU
		{1C070D93-FFF3-46A2-96CB-01CECD21055D}.AppStore|x64.ActiveCfg = Release|Any CPU
		{1C070D93-FFF3-46A2-96CB-01CECD21055D}.AppStore|x64.Build.0 = Release|Any CPU
		{1C070D93-FFF3-46A2-96CB-01CECD21055D}.AppStore|x64.Deploy.0 = Release|Any CPU
		{1C070D93-FFF3-46A2-96CB-01CECD21055D}.AppStore|x86.ActiveCfg = Release|Any CPU
		{1C070D93-FFF3-46A2-96CB-01CECD21055D}.AppStore|x86.Build.0 = Release|Any CPU
		{1C070D93-FFF3-46A2-96CB-01CECD21055D}.AppStore|x86.Deploy.0 = Release|Any CPU
		{1C070D93-FFF3-46A2-96CB-01CECD21055D}.Debug|Any CPU.ActiveCfg = Debug|Any CPU
		{1C070D93-FFF3-46A2-96CB-01CECD21055D}.Debug|Any CPU.Build.0 = Debug|Any CPU
		{1C070D93-FFF3-46A2-96CB-01CECD21055D}.Debug|Any CPU.Deploy.0 = Debug|Any CPU
		{1C070D93-FFF3-46A2-96CB-01CECD21055D}.Debug|ARM.ActiveCfg = Debug|Any CPU
		{1C070D93-FFF3-46A2-96CB-01CECD21055D}.Debug|ARM.Build.0 = Debug|Any CPU
		{1C070D93-FFF3-46A2-96CB-01CECD21055D}.Debug|ARM.Deploy.0 = Debug|Any CPU
		{1C070D93-FFF3-46A2-96CB-01CECD21055D}.Debug|iPhone.ActiveCfg = Debug|Any CPU
		{1C070D93-FFF3-46A2-96CB-01CECD21055D}.Debug|iPhone.Build.0 = Debug|Any CPU
		{1C070D93-FFF3-46A2-96CB-01CECD21055D}.Debug|iPhone.Deploy.0 = Debug|Any CPU
		{1C070D93-FFF3-46A2-96CB-01CECD21055D}.Debug|iPhoneSimulator.ActiveCfg = Debug|Any CPU
		{1C070D93-FFF3-46A2-96CB-01CECD21055D}.Debug|iPhoneSimulator.Build.0 = Debug|Any CPU
		{1C070D93-FFF3-46A2-96CB-01CECD21055D}.Debug|iPhoneSimulator.Deploy.0 = Debug|Any CPU
		{1C070D93-FFF3-46A2-96CB-01CECD21055D}.Debug|x64.ActiveCfg = Debug|Any CPU
		{1C070D93-FFF3-46A2-96CB-01CECD21055D}.Debug|x64.Build.0 = Debug|Any CPU
		{1C070D93-FFF3-46A2-96CB-01CECD21055D}.Debug|x64.Deploy.0 = Debug|Any CPU
		{1C070D93-FFF3-46A2-96CB-01CECD21055D}.Debug|x86.ActiveCfg = Debug|Any CPU
		{1C070D93-FFF3-46A2-96CB-01CECD21055D}.Debug|x86.Build.0 = Debug|Any CPU
		{1C070D93-FFF3-46A2-96CB-01CECD21055D}.Debug|x86.Deploy.0 = Debug|Any CPU
		{1C070D93-FFF3-46A2-96CB-01CECD21055D}.Release|Any CPU.ActiveCfg = Release|Any CPU
		{1C070D93-FFF3-46A2-96CB-01CECD21055D}.Release|Any CPU.Build.0 = Release|Any CPU
		{1C070D93-FFF3-46A2-96CB-01CECD21055D}.Release|Any CPU.Deploy.0 = Release|Any CPU
		{1C070D93-FFF3-46A2-96CB-01CECD21055D}.Release|ARM.ActiveCfg = Release|Any CPU
		{1C070D93-FFF3-46A2-96CB-01CECD21055D}.Release|ARM.Build.0 = Release|Any CPU
		{1C070D93-FFF3-46A2-96CB-01CECD21055D}.Release|ARM.Deploy.0 = Release|Any CPU
		{1C070D93-FFF3-46A2-96CB-01CECD21055D}.Release|iPhone.ActiveCfg = Release|Any CPU
		{1C070D93-FFF3-46A2-96CB-01CECD21055D}.Release|iPhone.Build.0 = Release|Any CPU
		{1C070D93-FFF3-46A2-96CB-01CECD21055D}.Release|iPhone.Deploy.0 = Release|Any CPU
		{1C070D93-FFF3-46A2-96CB-01CECD21055D}.Release|iPhoneSimulator.ActiveCfg = Release|Any CPU
		{1C070D93-FFF3-46A2-96CB-01CECD21055D}.Release|iPhoneSimulator.Build.0 = Release|Any CPU
		{1C070D93-FFF3-46A2-96CB-01CECD21055D}.Release|iPhoneSimulator.Deploy.0 = Release|Any CPU
		{1C070D93-FFF3-46A2-96CB-01CECD21055D}.Release|x64.ActiveCfg = Release|Any CPU
		{1C070D93-FFF3-46A2-96CB-01CECD21055D}.Release|x64.Build.0 = Release|Any CPU
		{1C070D93-FFF3-46A2-96CB-01CECD21055D}.Release|x64.Deploy.0 = Release|Any CPU
		{1C070D93-FFF3-46A2-96CB-01CECD21055D}.Release|x86.ActiveCfg = Release|Any CPU
		{1C070D93-FFF3-46A2-96CB-01CECD21055D}.Release|x86.Build.0 = Release|Any CPU
		{1C070D93-FFF3-46A2-96CB-01CECD21055D}.Release|x86.Deploy.0 = Release|Any CPU
		{E2F510AF-D248-4C6B-88DC-6BB2DCF99097}.Ad-Hoc|Any CPU.ActiveCfg = Ad-Hoc|iPhone
		{E2F510AF-D248-4C6B-88DC-6BB2DCF99097}.Ad-Hoc|ARM.ActiveCfg = Ad-Hoc|iPhone
		{E2F510AF-D248-4C6B-88DC-6BB2DCF99097}.Ad-Hoc|iPhone.ActiveCfg = Ad-Hoc|iPhone
		{E2F510AF-D248-4C6B-88DC-6BB2DCF99097}.Ad-Hoc|iPhone.Build.0 = Ad-Hoc|iPhone
		{E2F510AF-D248-4C6B-88DC-6BB2DCF99097}.Ad-Hoc|iPhoneSimulator.ActiveCfg = Ad-Hoc|iPhoneSimulator
		{E2F510AF-D248-4C6B-88DC-6BB2DCF99097}.Ad-Hoc|iPhoneSimulator.Build.0 = Ad-Hoc|iPhoneSimulator
		{E2F510AF-D248-4C6B-88DC-6BB2DCF99097}.Ad-Hoc|x64.ActiveCfg = Ad-Hoc|iPhone
		{E2F510AF-D248-4C6B-88DC-6BB2DCF99097}.Ad-Hoc|x86.ActiveCfg = Ad-Hoc|iPhone
		{E2F510AF-D248-4C6B-88DC-6BB2DCF99097}.AppStore|Any CPU.ActiveCfg = AppStore|iPhone
		{E2F510AF-D248-4C6B-88DC-6BB2DCF99097}.AppStore|ARM.ActiveCfg = AppStore|iPhone
		{E2F510AF-D248-4C6B-88DC-6BB2DCF99097}.AppStore|iPhone.ActiveCfg = AppStore|iPhone
		{E2F510AF-D248-4C6B-88DC-6BB2DCF99097}.AppStore|iPhone.Build.0 = AppStore|iPhone
		{E2F510AF-D248-4C6B-88DC-6BB2DCF99097}.AppStore|iPhoneSimulator.ActiveCfg = AppStore|iPhoneSimulator
		{E2F510AF-D248-4C6B-88DC-6BB2DCF99097}.AppStore|iPhoneSimulator.Build.0 = AppStore|iPhoneSimulator
		{E2F510AF-D248-4C6B-88DC-6BB2DCF99097}.AppStore|x64.ActiveCfg = AppStore|iPhone
		{E2F510AF-D248-4C6B-88DC-6BB2DCF99097}.AppStore|x86.ActiveCfg = AppStore|iPhone
		{E2F510AF-D248-4C6B-88DC-6BB2DCF99097}.Debug|Any CPU.ActiveCfg = Debug|iPhone
		{E2F510AF-D248-4C6B-88DC-6BB2DCF99097}.Debug|ARM.ActiveCfg = Debug|iPhone
		{E2F510AF-D248-4C6B-88DC-6BB2DCF99097}.Debug|iPhone.ActiveCfg = Debug|iPhone
		{E2F510AF-D248-4C6B-88DC-6BB2DCF99097}.Debug|iPhone.Build.0 = Debug|iPhone
		{E2F510AF-D248-4C6B-88DC-6BB2DCF99097}.Debug|iPhoneSimulator.ActiveCfg = Debug|iPhoneSimulator
		{E2F510AF-D248-4C6B-88DC-6BB2DCF99097}.Debug|iPhoneSimulator.Build.0 = Debug|iPhoneSimulator
		{E2F510AF-D248-4C6B-88DC-6BB2DCF99097}.Debug|x64.ActiveCfg = Debug|iPhone
		{E2F510AF-D248-4C6B-88DC-6BB2DCF99097}.Debug|x86.ActiveCfg = Debug|iPhone
		{E2F510AF-D248-4C6B-88DC-6BB2DCF99097}.Release|Any CPU.ActiveCfg = Release|iPhone
		{E2F510AF-D248-4C6B-88DC-6BB2DCF99097}.Release|ARM.ActiveCfg = Release|iPhone
		{E2F510AF-D248-4C6B-88DC-6BB2DCF99097}.Release|iPhone.ActiveCfg = Release|iPhone
		{E2F510AF-D248-4C6B-88DC-6BB2DCF99097}.Release|iPhone.Build.0 = Release|iPhone
		{E2F510AF-D248-4C6B-88DC-6BB2DCF99097}.Release|iPhoneSimulator.ActiveCfg = Release|iPhoneSimulator
		{E2F510AF-D248-4C6B-88DC-6BB2DCF99097}.Release|iPhoneSimulator.Build.0 = Release|iPhoneSimulator
		{E2F510AF-D248-4C6B-88DC-6BB2DCF99097}.Release|x64.ActiveCfg = Release|iPhone
		{E2F510AF-D248-4C6B-88DC-6BB2DCF99097}.Release|x86.ActiveCfg = Release|iPhone
		{182B1301-50BF-4307-89DD-EF8C8B561087}.Ad-Hoc|Any CPU.ActiveCfg = Release|x86
		{182B1301-50BF-4307-89DD-EF8C8B561087}.Ad-Hoc|Any CPU.Build.0 = Release|x86
		{182B1301-50BF-4307-89DD-EF8C8B561087}.Ad-Hoc|Any CPU.Deploy.0 = Release|x86
		{182B1301-50BF-4307-89DD-EF8C8B561087}.Ad-Hoc|ARM.ActiveCfg = Release|ARM
		{182B1301-50BF-4307-89DD-EF8C8B561087}.Ad-Hoc|ARM.Build.0 = Release|ARM
		{182B1301-50BF-4307-89DD-EF8C8B561087}.Ad-Hoc|ARM.Deploy.0 = Release|ARM
		{182B1301-50BF-4307-89DD-EF8C8B561087}.Ad-Hoc|iPhone.ActiveCfg = Release|x86
		{182B1301-50BF-4307-89DD-EF8C8B561087}.Ad-Hoc|iPhone.Build.0 = Release|x86
		{182B1301-50BF-4307-89DD-EF8C8B561087}.Ad-Hoc|iPhone.Deploy.0 = Release|x86
		{182B1301-50BF-4307-89DD-EF8C8B561087}.Ad-Hoc|iPhoneSimulator.ActiveCfg = Release|x86
		{182B1301-50BF-4307-89DD-EF8C8B561087}.Ad-Hoc|iPhoneSimulator.Build.0 = Release|x86
		{182B1301-50BF-4307-89DD-EF8C8B561087}.Ad-Hoc|iPhoneSimulator.Deploy.0 = Release|x86
		{182B1301-50BF-4307-89DD-EF8C8B561087}.Ad-Hoc|x64.ActiveCfg = Release|x64
		{182B1301-50BF-4307-89DD-EF8C8B561087}.Ad-Hoc|x64.Build.0 = Release|x64
		{182B1301-50BF-4307-89DD-EF8C8B561087}.Ad-Hoc|x64.Deploy.0 = Release|x64
		{182B1301-50BF-4307-89DD-EF8C8B561087}.Ad-Hoc|x86.ActiveCfg = Release|x86
		{182B1301-50BF-4307-89DD-EF8C8B561087}.Ad-Hoc|x86.Build.0 = Release|x86
		{182B1301-50BF-4307-89DD-EF8C8B561087}.Ad-Hoc|x86.Deploy.0 = Release|x86
		{182B1301-50BF-4307-89DD-EF8C8B561087}.AppStore|Any CPU.ActiveCfg = Release|x86
		{182B1301-50BF-4307-89DD-EF8C8B561087}.AppStore|Any CPU.Build.0 = Release|x86
		{182B1301-50BF-4307-89DD-EF8C8B561087}.AppStore|Any CPU.Deploy.0 = Release|x86
		{182B1301-50BF-4307-89DD-EF8C8B561087}.AppStore|ARM.ActiveCfg = Release|ARM
		{182B1301-50BF-4307-89DD-EF8C8B561087}.AppStore|ARM.Build.0 = Release|ARM
		{182B1301-50BF-4307-89DD-EF8C8B561087}.AppStore|ARM.Deploy.0 = Release|ARM
		{182B1301-50BF-4307-89DD-EF8C8B561087}.AppStore|iPhone.ActiveCfg = Release|x86
		{182B1301-50BF-4307-89DD-EF8C8B561087}.AppStore|iPhone.Build.0 = Release|x86
		{182B1301-50BF-4307-89DD-EF8C8B561087}.AppStore|iPhone.Deploy.0 = Release|x86
		{182B1301-50BF-4307-89DD-EF8C8B561087}.AppStore|iPhoneSimulator.ActiveCfg = Release|x86
		{182B1301-50BF-4307-89DD-EF8C8B561087}.AppStore|iPhoneSimulator.Build.0 = Release|x86
		{182B1301-50BF-4307-89DD-EF8C8B561087}.AppStore|iPhoneSimulator.Deploy.0 = Release|x86
		{182B1301-50BF-4307-89DD-EF8C8B561087}.AppStore|x64.ActiveCfg = Release|x64
		{182B1301-50BF-4307-89DD-EF8C8B561087}.AppStore|x64.Build.0 = Release|x64
		{182B1301-50BF-4307-89DD-EF8C8B561087}.AppStore|x64.Deploy.0 = Release|x64
		{182B1301-50BF-4307-89DD-EF8C8B561087}.AppStore|x86.ActiveCfg = Release|x86
		{182B1301-50BF-4307-89DD-EF8C8B561087}.AppStore|x86.Build.0 = Release|x86
		{182B1301-50BF-4307-89DD-EF8C8B561087}.AppStore|x86.Deploy.0 = Release|x86
		{182B1301-50BF-4307-89DD-EF8C8B561087}.Debug|Any CPU.ActiveCfg = Debug|x86
		{182B1301-50BF-4307-89DD-EF8C8B561087}.Debug|ARM.ActiveCfg = Debug|ARM
		{182B1301-50BF-4307-89DD-EF8C8B561087}.Debug|ARM.Build.0 = Debug|ARM
		{182B1301-50BF-4307-89DD-EF8C8B561087}.Debug|ARM.Deploy.0 = Debug|ARM
		{182B1301-50BF-4307-89DD-EF8C8B561087}.Debug|iPhone.ActiveCfg = Debug|x86
		{182B1301-50BF-4307-89DD-EF8C8B561087}.Debug|iPhoneSimulator.ActiveCfg = Debug|x86
		{182B1301-50BF-4307-89DD-EF8C8B561087}.Debug|x64.ActiveCfg = Debug|x64
		{182B1301-50BF-4307-89DD-EF8C8B561087}.Debug|x64.Build.0 = Debug|x64
		{182B1301-50BF-4307-89DD-EF8C8B561087}.Debug|x64.Deploy.0 = Debug|x64
		{182B1301-50BF-4307-89DD-EF8C8B561087}.Debug|x86.ActiveCfg = Debug|x86
		{182B1301-50BF-4307-89DD-EF8C8B561087}.Debug|x86.Build.0 = Debug|x86
		{182B1301-50BF-4307-89DD-EF8C8B561087}.Debug|x86.Deploy.0 = Debug|x86
		{182B1301-50BF-4307-89DD-EF8C8B561087}.Release|Any CPU.ActiveCfg = Release|x86
		{182B1301-50BF-4307-89DD-EF8C8B561087}.Release|ARM.ActiveCfg = Release|ARM
		{182B1301-50BF-4307-89DD-EF8C8B561087}.Release|ARM.Build.0 = Release|ARM
		{182B1301-50BF-4307-89DD-EF8C8B561087}.Release|ARM.Deploy.0 = Release|ARM
		{182B1301-50BF-4307-89DD-EF8C8B561087}.Release|iPhone.ActiveCfg = Release|x86
		{182B1301-50BF-4307-89DD-EF8C8B561087}.Release|iPhoneSimulator.ActiveCfg = Release|x86
		{182B1301-50BF-4307-89DD-EF8C8B561087}.Release|x64.ActiveCfg = Release|x64
		{182B1301-50BF-4307-89DD-EF8C8B561087}.Release|x64.Build.0 = Release|x64
		{182B1301-50BF-4307-89DD-EF8C8B561087}.Release|x64.Deploy.0 = Release|x64
		{182B1301-50BF-4307-89DD-EF8C8B561087}.Release|x86.ActiveCfg = Release|x86
		{182B1301-50BF-4307-89DD-EF8C8B561087}.Release|x86.Build.0 = Release|x86
		{182B1301-50BF-4307-89DD-EF8C8B561087}.Release|x86.Deploy.0 = Release|x86
		{EA7D1A62-3D94-4755-A4B6-12764A77968F}.Ad-Hoc|Any CPU.ActiveCfg = Release|Any CPU
		{EA7D1A62-3D94-4755-A4B6-12764A77968F}.Ad-Hoc|Any CPU.Build.0 = Release|Any CPU
		{EA7D1A62-3D94-4755-A4B6-12764A77968F}.Ad-Hoc|ARM.ActiveCfg = Release|Any CPU
		{EA7D1A62-3D94-4755-A4B6-12764A77968F}.Ad-Hoc|ARM.Build.0 = Release|Any CPU
		{EA7D1A62-3D94-4755-A4B6-12764A77968F}.Ad-Hoc|iPhone.ActiveCfg = Release|Any CPU
		{EA7D1A62-3D94-4755-A4B6-12764A77968F}.Ad-Hoc|iPhone.Build.0 = Release|Any CPU
		{EA7D1A62-3D94-4755-A4B6-12764A77968F}.Ad-Hoc|iPhoneSimulator.ActiveCfg = Release|Any CPU
		{EA7D1A62-3D94-4755-A4B6-12764A77968F}.Ad-Hoc|iPhoneSimulator.Build.0 = Release|Any CPU
		{EA7D1A62-3D94-4755-A4B6-12764A77968F}.Ad-Hoc|x64.ActiveCfg = Release|Any CPU
		{EA7D1A62-3D94-4755-A4B6-12764A77968F}.Ad-Hoc|x64.Build.0 = Release|Any CPU
		{EA7D1A62-3D94-4755-A4B6-12764A77968F}.Ad-Hoc|x86.ActiveCfg = Release|Any CPU
		{EA7D1A62-3D94-4755-A4B6-12764A77968F}.Ad-Hoc|x86.Build.0 = Release|Any CPU
		{EA7D1A62-3D94-4755-A4B6-12764A77968F}.AppStore|Any CPU.ActiveCfg = Release|Any CPU
		{EA7D1A62-3D94-4755-A4B6-12764A77968F}.AppStore|Any CPU.Build.0 = Release|Any CPU
		{EA7D1A62-3D94-4755-A4B6-12764A77968F}.AppStore|ARM.ActiveCfg = Release|Any CPU
		{EA7D1A62-3D94-4755-A4B6-12764A77968F}.AppStore|ARM.Build.0 = Release|Any CPU
		{EA7D1A62-3D94-4755-A4B6-12764A77968F}.AppStore|iPhone.ActiveCfg = Release|Any CPU
		{EA7D1A62-3D94-4755-A4B6-12764A77968F}.AppStore|iPhone.Build.0 = Release|Any CPU
		{EA7D1A62-3D94-4755-A4B6-12764A77968F}.AppStore|iPhoneSimulator.ActiveCfg = Release|Any CPU
		{EA7D1A62-3D94-4755-A4B6-12764A77968F}.AppStore|iPhoneSimulator.Build.0 = Release|Any CPU
		{EA7D1A62-3D94-4755-A4B6-12764A77968F}.AppStore|x64.ActiveCfg = Release|Any CPU
		{EA7D1A62-3D94-4755-A4B6-12764A77968F}.AppStore|x64.Build.0 = Release|Any CPU
		{EA7D1A62-3D94-4755-A4B6-12764A77968F}.AppStore|x86.ActiveCfg = Release|Any CPU
		{EA7D1A62-3D94-4755-A4B6-12764A77968F}.AppStore|x86.Build.0 = Release|Any CPU
		{EA7D1A62-3D94-4755-A4B6-12764A77968F}.Debug|Any CPU.ActiveCfg = Debug|Any CPU
		{EA7D1A62-3D94-4755-A4B6-12764A77968F}.Debug|Any CPU.Build.0 = Debug|Any CPU
		{EA7D1A62-3D94-4755-A4B6-12764A77968F}.Debug|ARM.ActiveCfg = Debug|Any CPU
		{EA7D1A62-3D94-4755-A4B6-12764A77968F}.Debug|ARM.Build.0 = Debug|Any CPU
		{EA7D1A62-3D94-4755-A4B6-12764A77968F}.Debug|iPhone.ActiveCfg = Debug|Any CPU
		{EA7D1A62-3D94-4755-A4B6-12764A77968F}.Debug|iPhone.Build.0 = Debug|Any CPU
		{EA7D1A62-3D94-4755-A4B6-12764A77968F}.Debug|iPhoneSimulator.ActiveCfg = Debug|Any CPU
		{EA7D1A62-3D94-4755-A4B6-12764A77968F}.Debug|iPhoneSimulator.Build.0 = Debug|Any CPU
		{EA7D1A62-3D94-4755-A4B6-12764A77968F}.Debug|x64.ActiveCfg = Debug|Any CPU
		{EA7D1A62-3D94-4755-A4B6-12764A77968F}.Debug|x64.Build.0 = Debug|Any CPU
		{EA7D1A62-3D94-4755-A4B6-12764A77968F}.Debug|x86.ActiveCfg = Debug|Any CPU
		{EA7D1A62-3D94-4755-A4B6-12764A77968F}.Debug|x86.Build.0 = Debug|Any CPU
		{EA7D1A62-3D94-4755-A4B6-12764A77968F}.Release|Any CPU.ActiveCfg = Release|Any CPU
		{EA7D1A62-3D94-4755-A4B6-12764A77968F}.Release|Any CPU.Build.0 = Release|Any CPU
		{EA7D1A62-3D94-4755-A4B6-12764A77968F}.Release|ARM.ActiveCfg = Release|Any CPU
		{EA7D1A62-3D94-4755-A4B6-12764A77968F}.Release|ARM.Build.0 = Release|Any CPU
		{EA7D1A62-3D94-4755-A4B6-12764A77968F}.Release|iPhone.ActiveCfg = Release|Any CPU
		{EA7D1A62-3D94-4755-A4B6-12764A77968F}.Release|iPhone.Build.0 = Release|Any CPU
		{EA7D1A62-3D94-4755-A4B6-12764A77968F}.Release|iPhoneSimulator.ActiveCfg = Release|Any CPU
		{EA7D1A62-3D94-4755-A4B6-12764A77968F}.Release|iPhoneSimulator.Build.0 = Release|Any CPU
		{EA7D1A62-3D94-4755-A4B6-12764A77968F}.Release|x64.ActiveCfg = Release|Any CPU
		{EA7D1A62-3D94-4755-A4B6-12764A77968F}.Release|x64.Build.0 = Release|Any CPU
		{EA7D1A62-3D94-4755-A4B6-12764A77968F}.Release|x86.ActiveCfg = Release|Any CPU
		{EA7D1A62-3D94-4755-A4B6-12764A77968F}.Release|x86.Build.0 = Release|Any CPU
	EndGlobalSection
	GlobalSection(SolutionProperties) = preSolution
		HideSolutionNode = FALSE
	EndGlobalSection
EndGlobal
